
Microsoft Visual Studio Solution File, Format Version 12.00
Project("{FAE04EC0-301F-11D3-BF4B-00C04F79EFBC}") = "R3Polska.Networking", "R3Polska.Networking\R3Polska.Networking.csproj", "{C6E8726F-1304-48FF-B4E1-E66206873D7B}"
EndProject
Project("{FAE04EC0-301F-11D3-BF4B-00C04F79EFBC}") = "R3Polska.Networking.Tests", "R3Polska.Networking.Tests\R3Polska.Networking.Tests.csproj", "{FDD90F6D-E272-4B46-BF4D-585F884184DB}"
EndProject
Global
	GlobalSection(SolutionConfigurationPlatforms) = preSolution
		Debug|Any CPU = Debug|Any CPU
		Release|Any CPU = Release|Any CPU
	EndGlobalSection
	GlobalSection(ProjectConfigurationPlatforms) = postSolution
		{C6E8726F-1304-48FF-B4E1-E66206873D7B}.Debug|Any CPU.ActiveCfg = Debug|Any CPU
		{C6E8726F-1304-48FF-B4E1-E66206873D7B}.Debug|Any CPU.Build.0 = Debug|Any CPU
		{C6E8726F-1304-48FF-B4E1-E66206873D7B}.Release|Any CPU.ActiveCfg = Release|Any CPU
		{C6E8726F-1304-48FF-B4E1-E66206873D7B}.Release|Any CPU.Build.0 = Release|Any CPU
		{FDD90F6D-E272-4B46-BF4D-585F884184DB}.Debug|Any CPU.ActiveCfg = Debug|Any CPU
		{FDD90F6D-E272-4B46-BF4D-585F884184DB}.Debug|Any CPU.Build.0 = Debug|Any CPU
		{FDD90F6D-E272-4B46-BF4D-585F884184DB}.Release|Any CPU.ActiveCfg = Release|Any CPU
		{FDD90F6D-E272-4B46-BF4D-585F884184DB}.Release|Any CPU.Build.0 = Release|Any CPU
	EndGlobalSection
EndGlobal
